// !$*UTF8*$!
{
	archiveVersion = 1;
	classes = {
	};
	objectVersion = 47;
	objects = {

/* Begin PBXBuildFile section */
		227059B319F512D4003D0222 /* AppDelegate.swift in Sources */ = {isa = PBXBuildFile; fileRef = 227059B219F512D4003D0222 /* AppDelegate.swift */; };
		227059B519F512D4003D0222 /* ViewController.swift in Sources */ = {isa = PBXBuildFile; fileRef = 227059B419F512D4003D0222 /* ViewController.swift */; };
		227059B819F512D4003D0222 /* Main.storyboard in Resources */ = {isa = PBXBuildFile; fileRef = 227059B619F512D4003D0222 /* Main.storyboard */; };
		227059BA19F512D4003D0222 /* Images.xcassets in Resources */ = {isa = PBXBuildFile; fileRef = 227059B919F512D4003D0222 /* Images.xcassets */; };
		227059BD19F512D4003D0222 /* LaunchScreen.xib in Resources */ = {isa = PBXBuildFile; fileRef = 227059BB19F512D4003D0222 /* LaunchScreen.xib */; };
		227059C919F512D5003D0222 /* NearlyThereTests.swift in Sources */ = {isa = PBXBuildFile; fileRef = 227059C819F512D5003D0222 /* NearlyThereTests.swift */; };
		3D2562C11B2D4D3B00ACBAF1 /* Brynderwyn Hills.gpx in Resources */ = {isa = PBXBuildFile; fileRef = 3D2562C01B2D4D3B00ACBAF1 /* Brynderwyn Hills.gpx */; };
		3D2562C31B2D4DA300ACBAF1 /* Desert Road.gpx in Resources */ = {isa = PBXBuildFile; fileRef = 3D2562C21B2D4DA300ACBAF1 /* Desert Road.gpx */; };
		3D2562C51B2D4E5100ACBAF1 /* SH2.gpx in Resources */ = {isa = PBXBuildFile; fileRef = 3D2562C41B2D4E5100ACBAF1 /* SH2.gpx */; };
		3D2562D31B2D57F800ACBAF1 /* Kaimai SH29.gpx in Resources */ = {isa = PBXBuildFile; fileRef = 3D2562D21B2D57F800ACBAF1 /* Kaimai SH29.gpx */; };
		3D2562D51B2D584D00ACBAF1 /* Karangahake.gpx in Resources */ = {isa = PBXBuildFile; fileRef = 3D2562D41B2D584D00ACBAF1 /* Karangahake.gpx */; };
		3D2562D71B2D58DD00ACBAF1 /* LindisPass.gpx in Resources */ = {isa = PBXBuildFile; fileRef = 3D2562D61B2D58DD00ACBAF1 /* LindisPass.gpx */; };
		3D2562DB1B2D59C400ACBAF1 /* Dome Valley.gpx in Resources */ = {isa = PBXBuildFile; fileRef = 3D2562D81B2D59C400ACBAF1 /* Dome Valley.gpx */; };
		3D2562DC1B2D59C400ACBAF1 /* Rimutaka.gpx in Resources */ = {isa = PBXBuildFile; fileRef = 3D2562D91B2D59C400ACBAF1 /* Rimutaka.gpx */; };
		3D2562DD1B2D59C400ACBAF1 /* Taupo - Napier.gpx in Resources */ = {isa = PBXBuildFile; fileRef = 3D2562DA1B2D59C400ACBAF1 /* Taupo - Napier.gpx */; };
		3D2562E41B2D5BB200ACBAF1 /* desertroad.mp3 in Resources */ = {isa = PBXBuildFile; fileRef = 3D2562DE1B2D5BB200ACBAF1 /* desertroad.mp3 */; };
		3D2562E51B2D5BB200ACBAF1 /* haurakiplains.mp3 in Resources */ = {isa = PBXBuildFile; fileRef = 3D2562DF1B2D5BB200ACBAF1 /* haurakiplains.mp3 */; };
		3D2562E61B2D5BB200ACBAF1 /* karangaheke.mp3 in Resources */ = {isa = PBXBuildFile; fileRef = 3D2562E01B2D5BB200ACBAF1 /* karangaheke.mp3 */; };
		3D2562E71B2D5BB200ACBAF1 /* lindispass.mp3 in Resources */ = {isa = PBXBuildFile; fileRef = 3D2562E11B2D5BB200ACBAF1 /* lindispass.mp3 */; };
		3D2562E81B2D5BB200ACBAF1 /* napiertaupo.mp3 in Resources */ = {isa = PBXBuildFile; fileRef = 3D2562E21B2D5BB200ACBAF1 /* napiertaupo.mp3 */; };
		3D2562E91B2D5BB200ACBAF1 /* rimutakahill.mp3 in Resources */ = {isa = PBXBuildFile; fileRef = 3D2562E31B2D5BB200ACBAF1 /* rimutakahill.mp3 */; };
		3D93BE441B2CE85700D02E15 /* CROWN.gpx in Resources */ = {isa = PBXBuildFile; fileRef = 3D93BE431B2CE85600D02E15 /* CROWN.gpx */; };
		3D93BE461B2CE8F400D02E15 /* KGorge.gpx in Resources */ = {isa = PBXBuildFile; fileRef = 3D93BE451B2CE8F400D02E15 /* KGorge.gpx */; };
		3D93BE481B2CE93400D02E15 /* DevilsStaircase.gpx in Resources */ = {isa = PBXBuildFile; fileRef = 3D93BE471B2CE93400D02E15 /* DevilsStaircase.gpx */; };
		3D93BE4A1B2CE9C000D02E15 /* Milford.gpx in Resources */ = {isa = PBXBuildFile; fileRef = 3D93BE491B2CE9C000D02E15 /* Milford.gpx */; };
		3D93BE4E1B2CFC6700D02E15 /* avalanche.mp3 in Resources */ = {isa = PBXBuildFile; fileRef = 3D93BE4D1B2CFC6700D02E15 /* avalanche.mp3 */; };
		3D93BE501B2CFCB600D02E15 /* devilsstaircase.mp3 in Resources */ = {isa = PBXBuildFile; fileRef = 3D93BE4F1B2CFCB600D02E15 /* devilsstaircase.mp3 */; };
		3D93BE521B2CFD0A00D02E15 /* milfordroadshortened.mp3 in Resources */ = {isa = PBXBuildFile; fileRef = 3D93BE511B2CFD0A00D02E15 /* milfordroadshortened.mp3 */; };
		3D93BE541B2CFD4800D02E15 /* homer.mp3 in Resources */ = {isa = PBXBuildFile; fileRef = 3D93BE531B2CFD4800D02E15 /* homer.mp3 */; };
		3D93BE561B2CFD8B00D02E15 /* kgorgeextended.mp3 in Resources */ = {isa = PBXBuildFile; fileRef = 3D93BE551B2CFD8B00D02E15 /* kgorgeextended.mp3 */; };
		3D93BE601B2D248900D02E15 /* kaimai.mp3 in Resources */ = {isa = PBXBuildFile; fileRef = 3D93BE591B2D248900D02E15 /* kaimai.mp3 */; };
		3D93BE661B2D2D8E00D02E15 /* crownrange.mp3 in Resources */ = {isa = PBXBuildFile; fileRef = 3D93BE651B2D2D8E00D02E15 /* crownrange.mp3 */; };
		3D93BE691B2D2DA200D02E15 /* brynderwyns.mp3 in Resources */ = {isa = PBXBuildFile; fileRef = 3D93BE671B2D2DA200D02E15 /* brynderwyns.mp3 */; };
		3D93BE6A1B2D2DA200D02E15 /* domevalley.mp3 in Resources */ = {isa = PBXBuildFile; fileRef = 3D93BE681B2D2DA200D02E15 /* domevalley.mp3 */; };
		3D93BE701B2D37D700D02E15 /* event.aiff in Resources */ = {isa = PBXBuildFile; fileRef = 3D93BE6B1B2D37D700D02E15 /* event.aiff */; };
		3D93BE711B2D37D700D02E15 /* wet.aiff in Resources */ = {isa = PBXBuildFile; fileRef = 3D93BE6C1B2D37D700D02E15 /* wet.aiff */; };
		3D93BE721B2D37D700D02E15 /* frostice.aiff in Resources */ = {isa = PBXBuildFile; fileRef = 3D93BE6D1B2D37D700D02E15 /* frostice.aiff */; };
		3D93BE731B2D37D700D02E15 /* holiday.aiff in Resources */ = {isa = PBXBuildFile; fileRef = 3D93BE6E1B2D37D700D02E15 /* holiday.aiff */; };
		3D93BE741B2D37D700D02E15 /* night.aiff in Resources */ = {isa = PBXBuildFile; fileRef = 3D93BE6F1B2D37D700D02E15 /* night.aiff */; };
		3DA7A96D1B2C2EAC00923039 /* left.mp3 in Resources */ = {isa = PBXBuildFile; fileRef = 3DA7A96C1B2C2EAC00923039 /* left.mp3 */; };
		3DA7A96F1B2C2ED100923039 /* corners.mp3 in Resources */ = {isa = PBXBuildFile; fileRef = 3DA7A96E1B2C2ED100923039 /* corners.mp3 */; };
		3DA7A9711B2C2F3300923039 /* overtaking.mp3 in Resources */ = {isa = PBXBuildFile; fileRef = 3DA7A9701B2C2F3300923039 /* overtaking.mp3 */; };
		3DA7A9731B2C2F3F00923039 /* wetandicy.mp3 in Resources */ = {isa = PBXBuildFile; fileRef = 3DA7A9721B2C2F3F00923039 /* wetandicy.mp3 */; };
		3DA7A97B1B2C345300923039 /* NotificationCenter.framework in Frameworks */ = {isa = PBXBuildFile; fileRef = 3DA7A97A1B2C345300923039 /* NotificationCenter.framework */; };
		3DA7A9801B2C345300923039 /* TodayViewController.swift in Sources */ = {isa = PBXBuildFile; fileRef = 3DA7A97F1B2C345300923039 /* TodayViewController.swift */; };
		3DA7A9821B2C345300923039 /* MainInterface.storyboard in Resources */ = {isa = PBXBuildFile; fileRef = 3DA7A9811B2C345300923039 /* MainInterface.storyboard */; };
		3DA7A9851B2C345300923039 /* SafeDriver Today.appex in Embed App Extensions */ = {isa = PBXBuildFile; fileRef = 3DA7A9781B2C345300923039 /* SafeDriver Today.appex */; settings = {ATTRIBUTES = (RemoveHeadersOnCopy, ); }; };
		3DA7A9B41B2C38AA00923039 /* bg.jpg in Resources */ = {isa = PBXBuildFile; fileRef = 3DA7A9B31B2C38AA00923039 /* bg.jpg */; };
/* End PBXBuildFile section */

/* Begin PBXContainerItemProxy section */
		227059C319F512D4003D0222 /* PBXContainerItemProxy */ = {
			isa = PBXContainerItemProxy;
			containerPortal = 227059A519F512D3003D0222 /* Project object */;
			proxyType = 1;
			remoteGlobalIDString = 227059AC19F512D4003D0222;
			remoteInfo = NearlyThere;
		};
		3DA7A9831B2C345300923039 /* PBXContainerItemProxy */ = {
			isa = PBXContainerItemProxy;
			containerPortal = 227059A519F512D3003D0222 /* Project object */;
			proxyType = 1;
			remoteGlobalIDString = 3DA7A9771B2C345300923039;
			remoteInfo = "SafeDriver Today";
		};
/* End PBXContainerItemProxy section */

/* Begin PBXCopyFilesBuildPhase section */
		3DA7A9891B2C345300923039 /* Embed App Extensions */ = {
			isa = PBXCopyFilesBuildPhase;
			buildActionMask = 2147483647;
			dstPath = "";
			dstSubfolderSpec = 13;
			files = (
				3DA7A9851B2C345300923039 /* SafeDriver Today.appex in Embed App Extensions */,
			);
			name = "Embed App Extensions";
			runOnlyForDeploymentPostprocessing = 0;
		};
/* End PBXCopyFilesBuildPhase section */

/* Begin PBXFileReference section */
		227059AD19F512D4003D0222 /* SafeDriver.app */ = {isa = PBXFileReference; explicitFileType = wrapper.application; includeInIndex = 0; path = SafeDriver.app; sourceTree = BUILT_PRODUCTS_DIR; };
		227059B119F512D4003D0222 /* Info.plist */ = {isa = PBXFileReference; lastKnownFileType = text.plist.xml; path = Info.plist; sourceTree = "<group>"; };
		227059B219F512D4003D0222 /* AppDelegate.swift */ = {isa = PBXFileReference; lastKnownFileType = sourcecode.swift; path = AppDelegate.swift; sourceTree = "<group>"; };
		227059B419F512D4003D0222 /* ViewController.swift */ = {isa = PBXFileReference; lastKnownFileType = sourcecode.swift; path = ViewController.swift; sourceTree = "<group>"; };
		227059B719F512D4003D0222 /* Base */ = {isa = PBXFileReference; lastKnownFileType = file.storyboard; name = Base; path = Base.lproj/Main.storyboard; sourceTree = "<group>"; };
		227059B919F512D4003D0222 /* Images.xcassets */ = {isa = PBXFileReference; lastKnownFileType = folder.assetcatalog; path = Images.xcassets; sourceTree = "<group>"; };
		227059BC19F512D4003D0222 /* Base */ = {isa = PBXFileReference; lastKnownFileType = file.xib; name = Base; path = Base.lproj/LaunchScreen.xib; sourceTree = "<group>"; };
		227059C219F512D4003D0222 /* SafeDriverTests.xctest */ = {isa = PBXFileReference; explicitFileType = wrapper.cfbundle; includeInIndex = 0; path = SafeDriverTests.xctest; sourceTree = BUILT_PRODUCTS_DIR; };
		227059C719F512D5003D0222 /* Info.plist */ = {isa = PBXFileReference; lastKnownFileType = text.plist.xml; path = Info.plist; sourceTree = "<group>"; };
		227059C819F512D5003D0222 /* NearlyThereTests.swift */ = {isa = PBXFileReference; lastKnownFileType = sourcecode.swift; path = NearlyThereTests.swift; sourceTree = "<group>"; };
		3D2562C01B2D4D3B00ACBAF1 /* Brynderwyn Hills.gpx */ = {isa = PBXFileReference; fileEncoding = 4; lastKnownFileType = text.xml; path = "Brynderwyn Hills.gpx"; sourceTree = "<group>"; };
		3D2562C21B2D4DA300ACBAF1 /* Desert Road.gpx */ = {isa = PBXFileReference; fileEncoding = 4; lastKnownFileType = text.xml; path = "Desert Road.gpx"; sourceTree = "<group>"; };
		3D2562C41B2D4E5100ACBAF1 /* SH2.gpx */ = {isa = PBXFileReference; fileEncoding = 4; lastKnownFileType = text.xml; path = SH2.gpx; sourceTree = "<group>"; };
		3D2562D21B2D57F800ACBAF1 /* Kaimai SH29.gpx */ = {isa = PBXFileReference; fileEncoding = 4; lastKnownFileType = text.xml; path = "Kaimai SH29.gpx"; sourceTree = "<group>"; };
		3D2562D41B2D584D00ACBAF1 /* Karangahake.gpx */ = {isa = PBXFileReference; fileEncoding = 4; lastKnownFileType = text.xml; path = Karangahake.gpx; sourceTree = "<group>"; };
		3D2562D61B2D58DD00ACBAF1 /* LindisPass.gpx */ = {isa = PBXFileReference; fileEncoding = 4; lastKnownFileType = text.xml; path = LindisPass.gpx; sourceTree = "<group>"; };
		3D2562D81B2D59C400ACBAF1 /* Dome Valley.gpx */ = {isa = PBXFileReference; fileEncoding = 4; lastKnownFileType = text.xml; path = "Dome Valley.gpx"; sourceTree = "<group>"; };
		3D2562D91B2D59C400ACBAF1 /* Rimutaka.gpx */ = {isa = PBXFileReference; fileEncoding = 4; lastKnownFileType = text.xml; path = Rimutaka.gpx; sourceTree = "<group>"; };
		3D2562DA1B2D59C400ACBAF1 /* Taupo - Napier.gpx */ = {isa = PBXFileReference; fileEncoding = 4; lastKnownFileType = text.xml; path = "Taupo - Napier.gpx"; sourceTree = "<group>"; };
		3D2562DE1B2D5BB200ACBAF1 /* desertroad.mp3 */ = {isa = PBXFileReference; lastKnownFileType = audio.mp3; path = desertroad.mp3; sourceTree = "<group>"; };
		3D2562DF1B2D5BB200ACBAF1 /* haurakiplains.mp3 */ = {isa = PBXFileReference; lastKnownFileType = audio.mp3; path = haurakiplains.mp3; sourceTree = "<group>"; };
		3D2562E01B2D5BB200ACBAF1 /* karangaheke.mp3 */ = {isa = PBXFileReference; lastKnownFileType = audio.mp3; path = karangaheke.mp3; sourceTree = "<group>"; };
		3D2562E11B2D5BB200ACBAF1 /* lindispass.mp3 */ = {isa = PBXFileReference; lastKnownFileType = audio.mp3; path = lindispass.mp3; sourceTree = "<group>"; };
		3D2562E21B2D5BB200ACBAF1 /* napiertaupo.mp3 */ = {isa = PBXFileReference; lastKnownFileType = audio.mp3; path = napiertaupo.mp3; sourceTree = "<group>"; };
		3D2562E31B2D5BB200ACBAF1 /* rimutakahill.mp3 */ = {isa = PBXFileReference; lastKnownFileType = audio.mp3; path = rimutakahill.mp3; sourceTree = "<group>"; };
		3D93BE431B2CE85600D02E15 /* CROWN.gpx */ = {isa = PBXFileReference; fileEncoding = 4; lastKnownFileType = text.xml; path = CROWN.gpx; sourceTree = "<group>"; };
		3D93BE451B2CE8F400D02E15 /* KGorge.gpx */ = {isa = PBXFileReference; fileEncoding = 4; lastKnownFileType = text.xml; path = KGorge.gpx; sourceTree = "<group>"; };
		3D93BE471B2CE93400D02E15 /* DevilsStaircase.gpx */ = {isa = PBXFileReference; fileEncoding = 4; lastKnownFileType = text.xml; path = DevilsStaircase.gpx; sourceTree = "<group>"; };
		3D93BE491B2CE9C000D02E15 /* Milford.gpx */ = {isa = PBXFileReference; fileEncoding = 4; lastKnownFileType = text.xml; path = Milford.gpx; sourceTree = "<group>"; };
		3D93BE4D1B2CFC6700D02E15 /* avalanche.mp3 */ = {isa = PBXFileReference; lastKnownFileType = audio.mp3; path = avalanche.mp3; sourceTree = "<group>"; };
		3D93BE4F1B2CFCB600D02E15 /* devilsstaircase.mp3 */ = {isa = PBXFileReference; lastKnownFileType = audio.mp3; path = devilsstaircase.mp3; sourceTree = "<group>"; };
		3D93BE511B2CFD0A00D02E15 /* milfordroadshortened.mp3 */ = {isa = PBXFileReference; lastKnownFileType = audio.mp3; path = milfordroadshortened.mp3; sourceTree = "<group>"; };
		3D93BE531B2CFD4800D02E15 /* homer.mp3 */ = {isa = PBXFileReference; lastKnownFileType = audio.mp3; path = homer.mp3; sourceTree = "<group>"; };
		3D93BE551B2CFD8B00D02E15 /* kgorgeextended.mp3 */ = {isa = PBXFileReference; lastKnownFileType = audio.mp3; path = kgorgeextended.mp3; sourceTree = "<group>"; };
		3D93BE591B2D248900D02E15 /* kaimai.mp3 */ = {isa = PBXFileReference; lastKnownFileType = audio.mp3; path = kaimai.mp3; sourceTree = "<group>"; };
		3D93BE651B2D2D8E00D02E15 /* crownrange.mp3 */ = {isa = PBXFileReference; lastKnownFileType = audio.mp3; path = crownrange.mp3; sourceTree = "<group>"; };
		3D93BE671B2D2DA200D02E15 /* brynderwyns.mp3 */ = {isa = PBXFileReference; lastKnownFileType = audio.mp3; path = brynderwyns.mp3; sourceTree = "<group>"; };
		3D93BE681B2D2DA200D02E15 /* domevalley.mp3 */ = {isa = PBXFileReference; lastKnownFileType = audio.mp3; path = domevalley.mp3; sourceTree = "<group>"; };
		3D93BE6B1B2D37D700D02E15 /* event.aiff */ = {isa = PBXFileReference; lastKnownFileType = audio.aiff; path = event.aiff; sourceTree = "<group>"; };
		3D93BE6C1B2D37D700D02E15 /* wet.aiff */ = {isa = PBXFileReference; lastKnownFileType = audio.aiff; path = wet.aiff; sourceTree = "<group>"; };
		3D93BE6D1B2D37D700D02E15 /* frostice.aiff */ = {isa = PBXFileReference; lastKnownFileType = audio.aiff; path = frostice.aiff; sourceTree = "<group>"; };
		3D93BE6E1B2D37D700D02E15 /* holiday.aiff */ = {isa = PBXFileReference; lastKnownFileType = audio.aiff; path = holiday.aiff; sourceTree = "<group>"; };
		3D93BE6F1B2D37D700D02E15 /* night.aiff */ = {isa = PBXFileReference; lastKnownFileType = audio.aiff; path = night.aiff; sourceTree = "<group>"; };
		3DA7A96C1B2C2EAC00923039 /* left.mp3 */ = {isa = PBXFileReference; lastKnownFileType = audio.mp3; path = left.mp3; sourceTree = "<group>"; };
		3DA7A96E1B2C2ED100923039 /* corners.mp3 */ = {isa = PBXFileReference; lastKnownFileType = audio.mp3; path = corners.mp3; sourceTree = "<group>"; };
		3DA7A9701B2C2F3300923039 /* overtaking.mp3 */ = {isa = PBXFileReference; lastKnownFileType = audio.mp3; path = overtaking.mp3; sourceTree = "<group>"; };
		3DA7A9721B2C2F3F00923039 /* wetandicy.mp3 */ = {isa = PBXFileReference; lastKnownFileType = audio.mp3; path = wetandicy.mp3; sourceTree = "<group>"; };
		3DA7A9781B2C345300923039 /* SafeDriver Today.appex */ = {isa = PBXFileReference; explicitFileType = "wrapper.app-extension"; includeInIndex = 0; path = "SafeDriver Today.appex"; sourceTree = BUILT_PRODUCTS_DIR; };
		3DA7A97A1B2C345300923039 /* NotificationCenter.framework */ = {isa = PBXFileReference; lastKnownFileType = wrapper.framework; name = NotificationCenter.framework; path = System/Library/Frameworks/NotificationCenter.framework; sourceTree = SDKROOT; };
		3DA7A97E1B2C345300923039 /* Info.plist */ = {isa = PBXFileReference; lastKnownFileType = text.plist.xml; path = Info.plist; sourceTree = "<group>"; };
		3DA7A97F1B2C345300923039 /* TodayViewController.swift */ = {isa = PBXFileReference; lastKnownFileType = sourcecode.swift; path = TodayViewController.swift; sourceTree = "<group>"; };
		3DA7A9811B2C345300923039 /* MainInterface.storyboard */ = {isa = PBXFileReference; lastKnownFileType = file.storyboard; path = MainInterface.storyboard; sourceTree = "<group>"; };
		3DA7A9911B2C353400923039 /* Info.plist */ = {isa = PBXFileReference; lastKnownFileType = text.plist.xml; path = Info.plist; sourceTree = "<group>"; };
		3DA7A9921B2C353400923039 /* InterfaceController.swift */ = {isa = PBXFileReference; lastKnownFileType = sourcecode.swift; path = InterfaceController.swift; sourceTree = "<group>"; };
		3DA7A9941B2C353400923039 /* GlanceController.swift */ = {isa = PBXFileReference; lastKnownFileType = sourcecode.swift; path = GlanceController.swift; sourceTree = "<group>"; };
		3DA7A9961B2C353400923039 /* Images.xcassets */ = {isa = PBXFileReference; lastKnownFileType = folder.assetcatalog; path = Images.xcassets; sourceTree = "<group>"; };
		3DA7A9A01B2C353400923039 /* Info.plist */ = {isa = PBXFileReference; lastKnownFileType = text.plist.xml; path = Info.plist; sourceTree = "<group>"; };
		3DA7A9A21B2C353400923039 /* Base */ = {isa = PBXFileReference; lastKnownFileType = file.storyboard; name = Base; path = Base.lproj/Interface.storyboard; sourceTree = "<group>"; };
		3DA7A9A41B2C353400923039 /* Images.xcassets */ = {isa = PBXFileReference; lastKnownFileType = folder.assetcatalog; path = Images.xcassets; sourceTree = "<group>"; };
		3DA7A9AF1B2C35BE00923039 /* iAd.framework */ = {isa = PBXFileReference; lastKnownFileType = wrapper.framework; name = iAd.framework; path = System/Library/Frameworks/iAd.framework; sourceTree = SDKROOT; };
		3DA7A9B11B2C35C200923039 /* AdSupport.framework */ = {isa = PBXFileReference; lastKnownFileType = wrapper.framework; name = AdSupport.framework; path = System/Library/Frameworks/AdSupport.framework; sourceTree = SDKROOT; };
		3DA7A9B31B2C38AA00923039 /* bg.jpg */ = {isa = PBXFileReference; lastKnownFileType = image.jpeg; path = bg.jpg; sourceTree = "<group>"; };
/* End PBXFileReference section */

/* Begin PBXFrameworksBuildPhase section */
		227059AA19F512D4003D0222 /* Frameworks */ = {
			isa = PBXFrameworksBuildPhase;
			buildActionMask = 2147483647;
			files = (
			);
			runOnlyForDeploymentPostprocessing = 0;
		};
		227059BF19F512D4003D0222 /* Frameworks */ = {
			isa = PBXFrameworksBuildPhase;
			buildActionMask = 2147483647;
			files = (
			);
			runOnlyForDeploymentPostprocessing = 0;
		};
		3DA7A9751B2C345300923039 /* Frameworks */ = {
			isa = PBXFrameworksBuildPhase;
			buildActionMask = 2147483647;
			files = (
				3DA7A97B1B2C345300923039 /* NotificationCenter.framework in Frameworks */,
			);
			runOnlyForDeploymentPostprocessing = 0;
		};
/* End PBXFrameworksBuildPhase section */

/* Begin PBXGroup section */
		227059A419F512D3003D0222 = {
			isa = PBXGroup;
			children = (
				3D93BE471B2CE93400D02E15 /* DevilsStaircase.gpx */,
				3D93BE491B2CE9C000D02E15 /* Milford.gpx */,
				3D2562C01B2D4D3B00ACBAF1 /* Brynderwyn Hills.gpx */,
				3D2562D21B2D57F800ACBAF1 /* Kaimai SH29.gpx */,
				3D2562D81B2D59C400ACBAF1 /* Dome Valley.gpx */,
				3D2562D91B2D59C400ACBAF1 /* Rimutaka.gpx */,
				3D2562DA1B2D59C400ACBAF1 /* Taupo - Napier.gpx */,
				3D2562C21B2D4DA300ACBAF1 /* Desert Road.gpx */,
				3D2562D61B2D58DD00ACBAF1 /* LindisPass.gpx */,
				3D2562C41B2D4E5100ACBAF1 /* SH2.gpx */,
				3D2562D41B2D584D00ACBAF1 /* Karangahake.gpx */,
				3D93BE451B2CE8F400D02E15 /* KGorge.gpx */,
				3D93BE431B2CE85600D02E15 /* CROWN.gpx */,
				227059AF19F512D4003D0222 /* NearlyThere */,
				227059C519F512D5003D0222 /* NearlyThereTests */,
				3DA7A97C1B2C345300923039 /* SafeDriver Today */,
				3DA7A98F1B2C353400923039 /* SafeDriver WatchKit Extension */,
				3DA7A99E1B2C353400923039 /* SafeDriver WatchKit App */,
				3DA7A9791B2C345300923039 /* Frameworks */,
				227059AE19F512D4003D0222 /* Products */,
			);
			sourceTree = "<group>";
		};
		227059AE19F512D4003D0222 /* Products */ = {
			isa = PBXGroup;
			children = (
				227059AD19F512D4003D0222 /* SafeDriver.app */,
				227059C219F512D4003D0222 /* SafeDriverTests.xctest */,
				3DA7A9781B2C345300923039 /* SafeDriver Today.appex */,
			);
			name = Products;
			sourceTree = "<group>";
		};
		227059AF19F512D4003D0222 /* NearlyThere */ = {
			isa = PBXGroup;
			children = (
				227059B219F512D4003D0222 /* AppDelegate.swift */,
				227059B419F512D4003D0222 /* ViewController.swift */,
				3D93BE4D1B2CFC6700D02E15 /* avalanche.mp3 */,
				3DA7A9701B2C2F3300923039 /* overtaking.mp3 */,
				3D93BE671B2D2DA200D02E15 /* brynderwyns.mp3 */,
				3D93BE681B2D2DA200D02E15 /* domevalley.mp3 */,
				3DA7A9721B2C2F3F00923039 /* wetandicy.mp3 */,
				3D93BE651B2D2D8E00D02E15 /* crownrange.mp3 */,
				3D93BE6B1B2D37D700D02E15 /* event.aiff */,
				3D93BE6C1B2D37D700D02E15 /* wet.aiff */,
				3D93BE6D1B2D37D700D02E15 /* frostice.aiff */,
				3D93BE6E1B2D37D700D02E15 /* holiday.aiff */,
				3D93BE6F1B2D37D700D02E15 /* night.aiff */,
				3D93BE591B2D248900D02E15 /* kaimai.mp3 */,
				3D2562DE1B2D5BB200ACBAF1 /* desertroad.mp3 */,
				3D2562DF1B2D5BB200ACBAF1 /* haurakiplains.mp3 */,
				3D2562E01B2D5BB200ACBAF1 /* karangaheke.mp3 */,
				3D2562E11B2D5BB200ACBAF1 /* lindispass.mp3 */,
				3D2562E21B2D5BB200ACBAF1 /* napiertaupo.mp3 */,
				3D2562E31B2D5BB200ACBAF1 /* rimutakahill.mp3 */,
				3D93BE511B2CFD0A00D02E15 /* milfordroadshortened.mp3 */,
				3D93BE551B2CFD8B00D02E15 /* kgorgeextended.mp3 */,
				3D93BE4F1B2CFCB600D02E15 /* devilsstaircase.mp3 */,
				3D93BE531B2CFD4800D02E15 /* homer.mp3 */,
				3DA7A9B31B2C38AA00923039 /* bg.jpg */,
				3DA7A96E1B2C2ED100923039 /* corners.mp3 */,
				3DA7A96C1B2C2EAC00923039 /* left.mp3 */,
				227059B619F512D4003D0222 /* Main.storyboard */,
				227059B919F512D4003D0222 /* Images.xcassets */,
				227059BB19F512D4003D0222 /* LaunchScreen.xib */,
				227059B019F512D4003D0222 /* Supporting Files */,
			);
			path = NearlyThere;
			sourceTree = "<group>";
		};
		227059B019F512D4003D0222 /* Supporting Files */ = {
			isa = PBXGroup;
			children = (
				227059B119F512D4003D0222 /* Info.plist */,
			);
			name = "Supporting Files";
			sourceTree = "<group>";
		};
		227059C519F512D5003D0222 /* NearlyThereTests */ = {
			isa = PBXGroup;
			children = (
				227059C819F512D5003D0222 /* NearlyThereTests.swift */,
				227059C619F512D5003D0222 /* Supporting Files */,
			);
			path = NearlyThereTests;
			sourceTree = "<group>";
		};
		227059C619F512D5003D0222 /* Supporting Files */ = {
			isa = PBXGroup;
			children = (
				227059C719F512D5003D0222 /* Info.plist */,
			);
			name = "Supporting Files";
			sourceTree = "<group>";
		};
		3DA7A9791B2C345300923039 /* Frameworks */ = {
			isa = PBXGroup;
			children = (
				3DA7A9B11B2C35C200923039 /* AdSupport.framework */,
				3DA7A9AF1B2C35BE00923039 /* iAd.framework */,
				3DA7A97A1B2C345300923039 /* NotificationCenter.framework */,
			);
			name = Frameworks;
			sourceTree = "<group>";
		};
		3DA7A97C1B2C345300923039 /* SafeDriver Today */ = {
			isa = PBXGroup;
			children = (
				3DA7A97F1B2C345300923039 /* TodayViewController.swift */,
				3DA7A9811B2C345300923039 /* MainInterface.storyboard */,
				3DA7A97D1B2C345300923039 /* Supporting Files */,
			);
			path = "SafeDriver Today";
			sourceTree = "<group>";
		};
		3DA7A97D1B2C345300923039 /* Supporting Files */ = {
			isa = PBXGroup;
			children = (
				3DA7A97E1B2C345300923039 /* Info.plist */,
			);
			name = "Supporting Files";
			sourceTree = "<group>";
		};
		3DA7A98F1B2C353400923039 /* SafeDriver WatchKit Extension */ = {
			isa = PBXGroup;
			children = (
				3DA7A9921B2C353400923039 /* InterfaceController.swift */,
				3DA7A9941B2C353400923039 /* GlanceController.swift */,
				3DA7A9961B2C353400923039 /* Images.xcassets */,
				3DA7A9901B2C353400923039 /* Supporting Files */,
			);
			path = "SafeDriver WatchKit Extension";
			sourceTree = "<group>";
		};
		3DA7A9901B2C353400923039 /* Supporting Files */ = {
			isa = PBXGroup;
			children = (
				3DA7A9911B2C353400923039 /* Info.plist */,
			);
			name = "Supporting Files";
			sourceTree = "<group>";
		};
		3DA7A99E1B2C353400923039 /* SafeDriver WatchKit App */ = {
			isa = PBXGroup;
			children = (
				3DA7A9A11B2C353400923039 /* Interface.storyboard */,
				3DA7A9A41B2C353400923039 /* Images.xcassets */,
				3DA7A99F1B2C353400923039 /* Supporting Files */,
			);
			path = "SafeDriver WatchKit App";
			sourceTree = "<group>";
		};
		3DA7A99F1B2C353400923039 /* Supporting Files */ = {
			isa = PBXGroup;
			children = (
				3DA7A9A01B2C353400923039 /* Info.plist */,
			);
			name = "Supporting Files";
			sourceTree = "<group>";
		};
/* End PBXGroup section */

/* Begin PBXNativeTarget section */
		227059AC19F512D4003D0222 /* SafeDriver */ = {
			isa = PBXNativeTarget;
			buildConfigurationList = 227059CC19F512D5003D0222 /* Build configuration list for PBXNativeTarget "SafeDriver" */;
			buildPhases = (
				227059A919F512D4003D0222 /* Sources */,
				227059AA19F512D4003D0222 /* Frameworks */,
				227059AB19F512D4003D0222 /* Resources */,
				3DA7A9891B2C345300923039 /* Embed App Extensions */,
			);
			buildRules = (
			);
			dependencies = (
				3DA7A9841B2C345300923039 /* PBXTargetDependency */,
			);
			name = SafeDriver;
			productName = NearlyThere;
			productReference = 227059AD19F512D4003D0222 /* SafeDriver.app */;
			productType = "com.apple.product-type.application";
		};
		227059C119F512D4003D0222 /* SafeDriverTests */ = {
			isa = PBXNativeTarget;
			buildConfigurationList = 227059CF19F512D5003D0222 /* Build configuration list for PBXNativeTarget "SafeDriverTests" */;
			buildPhases = (
				227059BE19F512D4003D0222 /* Sources */,
				227059BF19F512D4003D0222 /* Frameworks */,
				227059C019F512D4003D0222 /* Resources */,
			);
			buildRules = (
			);
			dependencies = (
				227059C419F512D4003D0222 /* PBXTargetDependency */,
			);
			name = SafeDriverTests;
			productName = NearlyThereTests;
			productReference = 227059C219F512D4003D0222 /* SafeDriverTests.xctest */;
			productType = "com.apple.product-type.bundle.unit-test";
		};
		3DA7A9771B2C345300923039 /* SafeDriver Today */ = {
			isa = PBXNativeTarget;
			buildConfigurationList = 3DA7A9861B2C345300923039 /* Build configuration list for PBXNativeTarget "SafeDriver Today" */;
			buildPhases = (
				3DA7A9741B2C345300923039 /* Sources */,
				3DA7A9751B2C345300923039 /* Frameworks */,
				3DA7A9761B2C345300923039 /* Resources */,
			);
			buildRules = (
			);
			dependencies = (
			);
			name = "SafeDriver Today";
			productName = "SafeDriver Today";
			productReference = 3DA7A9781B2C345300923039 /* SafeDriver Today.appex */;
			productType = "com.apple.product-type.app-extension";
		};
/* End PBXNativeTarget section */

/* Begin PBXProject section */
		227059A519F512D3003D0222 /* Project object */ = {
			isa = PBXProject;
			attributes = {
				LastUpgradeCheck = 0600;
				ORGANIZATIONNAME = "Isaac Mercer";
				TargetAttributes = {
					227059AC19F512D4003D0222 = {
						CreatedOnToolsVersion = 6.0.1;
						DevelopmentTeam = YBYHDBC82A;
					};
					227059C119F512D4003D0222 = {
						CreatedOnToolsVersion = 6.0.1;
						TestTargetID = 227059AC19F512D4003D0222;
					};
					3DA7A9771B2C345300923039 = {
						CreatedOnToolsVersion = 6.3.2;
						DevelopmentTeam = YBYHDBC82A;
					};
				};
			};
			buildConfigurationList = 227059A819F512D4003D0222 /* Build configuration list for PBXProject "SafeDriver" */;
			compatibilityVersion = "Xcode 6.3";
			developmentRegion = English;
			hasScannedForEncodings = 0;
			knownRegions = (
				en,
				Base,
			);
			mainGroup = 227059A419F512D3003D0222;
			productRefGroup = 227059AE19F512D4003D0222 /* Products */;
			projectDirPath = "";
			projectRoot = "";
			targets = (
				227059AC19F512D4003D0222 /* SafeDriver */,
				227059C119F512D4003D0222 /* SafeDriverTests */,
				3DA7A9771B2C345300923039 /* SafeDriver Today */,
			);
		};
/* End PBXProject section */

/* Begin PBXResourcesBuildPhase section */
		227059AB19F512D4003D0222 /* Resources */ = {
			isa = PBXResourcesBuildPhase;
			buildActionMask = 2147483647;
			files = (
				3D93BE661B2D2D8E00D02E15 /* crownrange.mp3 in Resources */,
				3D93BE461B2CE8F400D02E15 /* KGorge.gpx in Resources */,
				3D93BE691B2D2DA200D02E15 /* brynderwyns.mp3 in Resources */,
				3D93BE501B2CFCB600D02E15 /* devilsstaircase.mp3 in Resources */,
				3D93BE701B2D37D700D02E15 /* event.aiff in Resources */,
				3D93BE561B2CFD8B00D02E15 /* kgorgeextended.mp3 in Resources */,
				3D2562D31B2D57F800ACBAF1 /* Kaimai SH29.gpx in Resources */,
				3D2562E61B2D5BB200ACBAF1 /* karangaheke.mp3 in Resources */,
				3D93BE541B2CFD4800D02E15 /* homer.mp3 in Resources */,
				3D93BE741B2D37D700D02E15 /* night.aiff in Resources */,
				3D2562E41B2D5BB200ACBAF1 /* desertroad.mp3 in Resources */,
				3D2562DC1B2D59C400ACBAF1 /* Rimutaka.gpx in Resources */,
				3D2562D71B2D58DD00ACBAF1 /* LindisPass.gpx in Resources */,
				3D2562DD1B2D59C400ACBAF1 /* Taupo - Napier.gpx in Resources */,
				3D2562DB1B2D59C400ACBAF1 /* Dome Valley.gpx in Resources */,
				3D93BE731B2D37D700D02E15 /* holiday.aiff in Resources */,
				3DA7A9731B2C2F3F00923039 /* wetandicy.mp3 in Resources */,
				3D2562E51B2D5BB200ACBAF1 /* haurakiplains.mp3 in Resources */,
				3D93BE481B2CE93400D02E15 /* DevilsStaircase.gpx in Resources */,
				3D93BE721B2D37D700D02E15 /* frostice.aiff in Resources */,
				3D2562E71B2D5BB200ACBAF1 /* lindispass.mp3 in Resources */,
				3D2562E81B2D5BB200ACBAF1 /* napiertaupo.mp3 in Resources */,
				3D93BE711B2D37D700D02E15 /* wet.aiff in Resources */,
				3DA7A9711B2C2F3300923039 /* overtaking.mp3 in Resources */,
				227059B819F512D4003D0222 /* Main.storyboard in Resources */,
				3D93BE6A1B2D2DA200D02E15 /* domevalley.mp3 in Resources */,
				3D93BE4A1B2CE9C000D02E15 /* Milford.gpx in Resources */,
				3D2562C11B2D4D3B00ACBAF1 /* Brynderwyn Hills.gpx in Resources */,
				3DA7A96F1B2C2ED100923039 /* corners.mp3 in Resources */,
				3D93BE601B2D248900D02E15 /* kaimai.mp3 in Resources */,
				3D2562C31B2D4DA300ACBAF1 /* Desert Road.gpx in Resources */,
				3DA7A96D1B2C2EAC00923039 /* left.mp3 in Resources */,
				3D93BE441B2CE85700D02E15 /* CROWN.gpx in Resources */,
				227059BD19F512D4003D0222 /* LaunchScreen.xib in Resources */,
				3D2562C51B2D4E5100ACBAF1 /* SH2.gpx in Resources */,
				3D93BE521B2CFD0A00D02E15 /* milfordroadshortened.mp3 in Resources */,
				3D2562D51B2D584D00ACBAF1 /* Karangahake.gpx in Resources */,
				3D2562E91B2D5BB200ACBAF1 /* rimutakahill.mp3 in Resources */,
				3D93BE4E1B2CFC6700D02E15 /* avalanche.mp3 in Resources */,
				3DA7A9B41B2C38AA00923039 /* bg.jpg in Resources */,
				227059BA19F512D4003D0222 /* Images.xcassets in Resources */,
			);
			runOnlyForDeploymentPostprocessing = 0;
		};
		227059C019F512D4003D0222 /* Resources */ = {
			isa = PBXResourcesBuildPhase;
			buildActionMask = 2147483647;
			files = (
			);
			runOnlyForDeploymentPostprocessing = 0;
		};
		3DA7A9761B2C345300923039 /* Resources */ = {
			isa = PBXResourcesBuildPhase;
			buildActionMask = 2147483647;
			files = (
				3DA7A9821B2C345300923039 /* MainInterface.storyboard in Resources */,
			);
			runOnlyForDeploymentPostprocessing = 0;
		};
/* End PBXResourcesBuildPhase section */

/* Begin PBXSourcesBuildPhase section */
		227059A919F512D4003D0222 /* Sources */ = {
			isa = PBXSourcesBuildPhase;
			buildActionMask = 2147483647;
			files = (
				227059B519F512D4003D0222 /* ViewController.swift in Sources */,
				227059B319F512D4003D0222 /* AppDelegate.swift in Sources */,
			);
			runOnlyForDeploymentPostprocessing = 0;
		};
		227059BE19F512D4003D0222 /* Sources */ = {
			isa = PBXSourcesBuildPhase;
			buildActionMask = 2147483647;
			files = (
				227059C919F512D5003D0222 /* NearlyThereTests.swift in Sources */,
			);
			runOnlyForDeploymentPostprocessing = 0;
		};
		3DA7A9741B2C345300923039 /* Sources */ = {
			isa = PBXSourcesBuildPhase;
			buildActionMask = 2147483647;
			files = (
				3DA7A9801B2C345300923039 /* TodayViewController.swift in Sources */,
			);
			runOnlyForDeploymentPostprocessing = 0;
		};
/* End PBXSourcesBuildPhase section */

/* Begin PBXTargetDependency section */
		227059C419F512D4003D0222 /* PBXTargetDependency */ = {
			isa = PBXTargetDependency;
			target = 227059AC19F512D4003D0222 /* SafeDriver */;
			targetProxy = 227059C319F512D4003D0222 /* PBXContainerItemProxy */;
		};
		3DA7A9841B2C345300923039 /* PBXTargetDependency */ = {
			isa = PBXTargetDependency;
			target = 3DA7A9771B2C345300923039 /* SafeDriver Today */;
			targetProxy = 3DA7A9831B2C345300923039 /* PBXContainerItemProxy */;
		};
/* End PBXTargetDependency section */

/* Begin PBXVariantGroup section */
		227059B619F512D4003D0222 /* Main.storyboard */ = {
			isa = PBXVariantGroup;
			children = (
				227059B719F512D4003D0222 /* Base */,
			);
			name = Main.storyboard;
			sourceTree = "<group>";
		};
		227059BB19F512D4003D0222 /* LaunchScreen.xib */ = {
			isa = PBXVariantGroup;
			children = (
				227059BC19F512D4003D0222 /* Base */,
			);
			name = LaunchScreen.xib;
			sourceTree = "<group>";
		};
		3DA7A9A11B2C353400923039 /* Interface.storyboard */ = {
			isa = PBXVariantGroup;
			children = (
				3DA7A9A21B2C353400923039 /* Base */,
			);
			name = Interface.storyboard;
			sourceTree = "<group>";
		};
/* End PBXVariantGroup section */

/* Begin XCBuildConfiguration section */
		227059CA19F512D5003D0222 /* Debug */ = {
			isa = XCBuildConfiguration;
			buildSettings = {
				ALWAYS_SEARCH_USER_PATHS = NO;
				CLANG_CXX_LANGUAGE_STANDARD = "gnu++0x";
				CLANG_CXX_LIBRARY = "libc++";
				CLANG_ENABLE_MODULES = YES;
				CLANG_ENABLE_OBJC_ARC = YES;
				CLANG_WARN_BOOL_CONVERSION = YES;
				CLANG_WARN_CONSTANT_CONVERSION = YES;
				CLANG_WARN_DIRECT_OBJC_ISA_USAGE = YES_ERROR;
				CLANG_WARN_EMPTY_BODY = YES;
				CLANG_WARN_ENUM_CONVERSION = YES;
				CLANG_WARN_INT_CONVERSION = YES;
				CLANG_WARN_OBJC_ROOT_CLASS = YES_ERROR;
				CLANG_WARN_UNREACHABLE_CODE = YES;
				CLANG_WARN__DUPLICATE_METHOD_MATCH = YES;
				"CODE_SIGN_IDENTITY[sdk=iphoneos*]" = "iPhone Developer";
				COPY_PHASE_STRIP = NO;
				ENABLE_STRICT_OBJC_MSGSEND = YES;
				GCC_C_LANGUAGE_STANDARD = gnu99;
				GCC_DYNAMIC_NO_PIC = NO;
				GCC_OPTIMIZATION_LEVEL = 0;
				GCC_PREPROCESSOR_DEFINITIONS = (
					"DEBUG=1",
					"$(inherited)",
				);
				GCC_SYMBOLS_PRIVATE_EXTERN = NO;
				GCC_WARN_64_TO_32_BIT_CONVERSION = YES;
				GCC_WARN_ABOUT_RETURN_TYPE = YES_ERROR;
				GCC_WARN_UNDECLARED_SELECTOR = YES;
				GCC_WARN_UNINITIALIZED_AUTOS = YES_AGGRESSIVE;
				GCC_WARN_UNUSED_FUNCTION = YES;
				GCC_WARN_UNUSED_VARIABLE = YES;
				IPHONEOS_DEPLOYMENT_TARGET = 8.0;
				MTL_ENABLE_DEBUG_INFO = YES;
				ONLY_ACTIVE_ARCH = YES;
				SDKROOT = iphoneos;
				SWIFT_OPTIMIZATION_LEVEL = "-Onone";
				TARGETED_DEVICE_FAMILY = "1,2";
			};
			name = Debug;
		};
		227059CB19F512D5003D0222 /* Release */ = {
			isa = XCBuildConfiguration;
			buildSettings = {
				ALWAYS_SEARCH_USER_PATHS = NO;
				CLANG_CXX_LANGUAGE_STANDARD = "gnu++0x";
				CLANG_CXX_LIBRARY = "libc++";
				CLANG_ENABLE_MODULES = YES;
				CLANG_ENABLE_OBJC_ARC = YES;
				CLANG_WARN_BOOL_CONVERSION = YES;
				CLANG_WARN_CONSTANT_CONVERSION = YES;
				CLANG_WARN_DIRECT_OBJC_ISA_USAGE = YES_ERROR;
				CLANG_WARN_EMPTY_BODY = YES;
				CLANG_WARN_ENUM_CONVERSION = YES;
				CLANG_WARN_INT_CONVERSION = YES;
				CLANG_WARN_OBJC_ROOT_CLASS = YES_ERROR;
				CLANG_WARN_UNREACHABLE_CODE = YES;
				CLANG_WARN__DUPLICATE_METHOD_MATCH = YES;
				"CODE_SIGN_IDENTITY[sdk=iphoneos*]" = "iPhone Developer";
				COPY_PHASE_STRIP = YES;
				ENABLE_NS_ASSERTIONS = NO;
				ENABLE_STRICT_OBJC_MSGSEND = YES;
				GCC_C_LANGUAGE_STANDARD = gnu99;
				GCC_WARN_64_TO_32_BIT_CONVERSION = YES;
				GCC_WARN_ABOUT_RETURN_TYPE = YES_ERROR;
				GCC_WARN_UNDECLARED_SELECTOR = YES;
				GCC_WARN_UNINITIALIZED_AUTOS = YES_AGGRESSIVE;
				GCC_WARN_UNUSED_FUNCTION = YES;
				GCC_WARN_UNUSED_VARIABLE = YES;
				IPHONEOS_DEPLOYMENT_TARGET = 8.0;
				MTL_ENABLE_DEBUG_INFO = NO;
				SDKROOT = iphoneos;
				TARGETED_DEVICE_FAMILY = "1,2";
				VALIDATE_PRODUCT = YES;
			};
			name = Release;
		};
		227059CD19F512D5003D0222 /* Debug */ = {
			isa = XCBuildConfiguration;
			buildSettings = {
				ASSETCATALOG_COMPILER_APPICON_NAME = "AppIcon-1";
				CODE_SIGN_IDENTITY = "iPhone Developer: Isaac Mercer (Z57R32XFXP)";
				"CODE_SIGN_IDENTITY[sdk=iphoneos*]" = "iPhone Developer: Isaac Mercer (Z57R32XFXP)";
				INFOPLIST_FILE = NearlyThere/Info.plist;
				IPHONEOS_DEPLOYMENT_TARGET = 8.0;
				LD_RUNPATH_SEARCH_PATHS = "$(inherited) @executable_path/Frameworks";
				PRODUCT_NAME = SafeDriver;
				PROVISIONING_PROFILE = "7ab69a18-8aa0-4d7d-a129-5cf71349a019";
			};
			name = Debug;
		};
		227059CE19F512D5003D0222 /* Release */ = {
			isa = XCBuildConfiguration;
			buildSettings = {
				ASSETCATALOG_COMPILER_APPICON_NAME = "AppIcon-1";
				CODE_SIGN_IDENTITY = "iPhone Distribution: Isaac Mercer (YBYHDBC82A)";
				"CODE_SIGN_IDENTITY[sdk=iphoneos*]" = "iPhone Distribution: Isaac Mercer (YBYHDBC82A)";
				INFOPLIST_FILE = NearlyThere/Info.plist;
				IPHONEOS_DEPLOYMENT_TARGET = 8.0;
				LD_RUNPATH_SEARCH_PATHS = "$(inherited) @executable_path/Frameworks";
				PRODUCT_NAME = SafeDriver;
				PROVISIONING_PROFILE = "7ab69a18-8aa0-4d7d-a129-5cf71349a019";
			};
			name = Release;
		};
		227059D019F512D5003D0222 /* Debug */ = {
			isa = XCBuildConfiguration;
			buildSettings = {
				BUNDLE_LOADER = "$(TEST_HOST)";
				FRAMEWORK_SEARCH_PATHS = (
					"$(SDKROOT)/Developer/Library/Frameworks",
					"$(inherited)",
				);
				GCC_PREPROCESSOR_DEFINITIONS = (
					"DEBUG=1",
					"$(inherited)",
				);
				INFOPLIST_FILE = NearlyThereTests/Info.plist;
				LD_RUNPATH_SEARCH_PATHS = "$(inherited) @executable_path/Frameworks @loader_path/Frameworks";
				PRODUCT_NAME = SafeDriverTests;
				TEST_HOST = "$(BUILT_PRODUCTS_DIR)/NearlyThere.app/NearlyThere";
			};
			name = Debug;
		};
		227059D119F512D5003D0222 /* Release */ = {
			isa = XCBuildConfiguration;
			buildSettings = {
				BUNDLE_LOADER = "$(TEST_HOST)";
				FRAMEWORK_SEARCH_PATHS = (
					"$(SDKROOT)/Developer/Library/Frameworks",
					"$(inherited)",
				);
				INFOPLIST_FILE = NearlyThereTests/Info.plist;
				LD_RUNPATH_SEARCH_PATHS = "$(inherited) @executable_path/Frameworks @loader_path/Frameworks";
				PRODUCT_NAME = SafeDriverTests;
				TEST_HOST = "$(BUILT_PRODUCTS_DIR)/NearlyThere.app/NearlyThere";
			};
			name = Release;
		};
		3DA7A9871B2C345300923039 /* Debug */ = {
			isa = XCBuildConfiguration;
			buildSettings = {
				CODE_SIGN_IDENTITY = "iPhone Developer: Isaac Mercer (Z57R32XFXP)";
				"CODE_SIGN_IDENTITY[sdk=iphoneos*]" = "iPhone Developer: Isaac Mercer (Z57R32XFXP)";
				DEBUG_INFORMATION_FORMAT = "dwarf-with-dsym";
				GCC_NO_COMMON_BLOCKS = YES;
				GCC_PREPROCESSOR_DEFINITIONS = (
					"DEBUG=1",
					"$(inherited)",
				);
				INFOPLIST_FILE = "SafeDriver Today/Info.plist";
				IPHONEOS_DEPLOYMENT_TARGET = 8.0;
				LD_RUNPATH_SEARCH_PATHS = "$(inherited) @executable_path/Frameworks @executable_path/../../Frameworks";
				PRODUCT_NAME = "$(TARGET_NAME)";
				PROVISIONING_PROFILE = "50581b3b-7229-4821-a810-651641977f8e";
				SKIP_INSTALL = YES;
			};
			name = Debug;
		};
		3DA7A9881B2C345300923039 /* Release */ = {
			isa = XCBuildConfiguration;
			buildSettings = {
				CODE_SIGN_IDENTITY = "iPhone Developer: Isaac Mercer (Z57R32XFXP)";
				"CODE_SIGN_IDENTITY[sdk=iphoneos*]" = "iPhone Developer: Isaac Mercer (Z57R32XFXP)";
				COPY_PHASE_STRIP = NO;
				DEBUG_INFORMATION_FORMAT = "dwarf-with-dsym";
				GCC_NO_COMMON_BLOCKS = YES;
				INFOPLIST_FILE = "SafeDriver Today/Info.plist";
				IPHONEOS_DEPLOYMENT_TARGET = 8.0;
				LD_RUNPATH_SEARCH_PATHS = "$(inherited) @executable_path/Frameworks @executable_path/../../Frameworks";
				PRODUCT_NAME = "$(TARGET_NAME)";
				PROVISIONING_PROFILE = "50581b3b-7229-4821-a810-651641977f8e";
				SKIP_INSTALL = YES;
			};
			name = Release;
		};
/* End XCBuildConfiguration section */

/* Begin XCConfigurationList section */
		227059A819F512D4003D0222 /* Build configuration list for PBXProject "SafeDriver" */ = {
			isa = XCConfigurationList;
			buildConfigurations = (
				227059CA19F512D5003D0222 /* Debug */,
				227059CB19F512D5003D0222 /* Release */,
			);
			defaultConfigurationIsVisible = 0;
			defaultConfigurationName = Release;
		};
		227059CC19F512D5003D0222 /* Build configuration list for PBXNativeTarget "SafeDriver" */ = {
			isa = XCConfigurationList;
			buildConfigurations = (
				227059CD19F512D5003D0222 /* Debug */,
				227059CE19F512D5003D0222 /* Release */,
			);
			defaultConfigurationIsVisible = 0;
			defaultConfigurationName = Release;
		};
		227059CF19F512D5003D0222 /* Build configuration list for PBXNativeTarget "SafeDriverTests" */ = {
			isa = XCConfigurationList;
			buildConfigurations = (
				227059D019F512D5003D0222 /* Debug */,
				227059D119F512D5003D0222 /* Release */,
			);
			defaultConfigurationIsVisible = 0;
			defaultConfigurationName = Release;
		};
		3DA7A9861B2C345300923039 /* Build configuration list for PBXNativeTarget "SafeDriver Today" */ = {
			isa = XCConfigurationList;
			buildConfigurations = (
				3DA7A9871B2C345300923039 /* Debug */,
				3DA7A9881B2C345300923039 /* Release */,
			);
			defaultConfigurationIsVisible = 0;
			defaultConfigurationName = Release;
		};
/* End XCConfigurationList section */
	};
	rootObject = 227059A519F512D3003D0222 /* Project object */;
}
