<?xml version="1.0" encoding="UTF-8"?>
<Scheme
   LastUpgradeVersion = "0710"
   version = "2.0">
   <BuildAction
      parallelizeBuildables = "YES"
      buildImplicitDependencies = "YES">
      <BuildActionEntries>
         <BuildActionEntry
            buildForTesting = "YES"
            buildForRunning = "YES"
            buildForProfiling = "YES"
            buildForArchiving = "YES"
            buildForAnalyzing = "YES">
            <BuildableReference
               BuildableIdentifier = "primary"
               BlueprintIdentifier = "3DDB4B6E1C09995C003D7A23"
               BuildableName = "SafeDriver Watch.app"
               BlueprintName = "SafeDriver Watch"
               ReferencedContainer = "container:SafeDriver.xcodeproj">
            </BuildableReference>
         </BuildActionEntry>
         <BuildActionEntry
            buildForTesting = "YES"
            buildForRunning = "YES"
            buildForProfiling = "YES"
            buildForArchiving = "YES"
            buildForAnalyzing = "YES">
            <BuildableReference
               BuildableIdentifier = "primary"
               BlueprintIdentifier = "227059AC19F512D4003D0222"
               BuildableName = "SafeDriver.app"
               BlueprintName = "SafeDriver"
               ReferencedContainer = "container:SafeDriver.xcodeproj">
            </BuildableReference>
         </BuildActionEntry>
         <BuildActionEntry
            buildForTesting = "YES"
            buildForRunning = "YES"
            buildForProfiling = "YES"
            buildForArchiving = "YES"
            buildForAnalyzing = "YES">
            <BuildableReference
               BuildableIdentifier = "primary"
               BlueprintIdentifier = "3DDB4B7A1C09995D003D7A23"
               BuildableName = "SafeDriver Watch Extension.appex"
               BlueprintName = "SafeDriver Watch Extension"
               ReferencedContainer = "container:SafeDriver.xcodeproj">
            </BuildableReference>
         </BuildActionEntry>
      </BuildActionEntries>
   </BuildAction>
   <TestAction
      buildConfiguration = "Debug"
      selectedDebuggerIdentifier = "Xcode.DebuggerFoundation.Debugger.LLDB"
      selectedLauncherIdentifier = "Xcode.DebuggerFoundation.Launcher.LLDB"
      shouldUseLaunchSchemeArgsEnv = "YES">
      <Testables>
      </Testables>
      <MacroExpansion>
         <BuildableReference
            BuildableIdentifier = "primary"
            BlueprintIdentifier = "3DDB4B6E1C09995C003D7A23"
            BuildableName = "SafeDriver Watch.app"
            BlueprintName = "SafeDriver Watch"
            ReferencedContainer = "container:SafeDriver.xcodeproj">
         </BuildableReference>
      </MacroExpansion>
      <AdditionalOptions>
      </AdditionalOptions>
   </TestAction>
   <LaunchAction
      buildConfiguration = "Debug"
      selectedDebuggerIdentifier = "Xcode.DebuggerFoundation.Debugger.LLDB"
      selectedLauncherIdentifier = "Xcode.DebuggerFoundation.Launcher.LLDB"
      launchStyle = "0"
      useCustomWorkingDirectory = "NO"
      ignoresPersistentStateOnLaunch = "NO"
      debugDocumentVersioning = "YES"
      debugServiceExtension = "internal"
      allowLocationSimulation = "YES"
      launchAutomaticallySubstyle = "4">
      <RemoteRunnable
         runnableDebuggingMode = "2"
         BundleIdentifier = "com.apple.carousel"
         RemotePath = "/SafeDriver">
         <BuildableReference
            BuildableIdentifier = "primary"
            BlueprintIdentifier = "3DDB4B6E1C09995C003D7A23"
            BuildableName = "SafeDriver Watch.app"
            BlueprintName = "SafeDriver Watch"
            ReferencedContainer = "container:SafeDriver.xcodeproj">
         </BuildableReference>
      </RemoteRunnable>
      <MacroExpansion>
         <BuildableReference
            BuildableIdentifier = "primary"
            BlueprintIdentifier = "3DDB4B6E1C09995C003D7A23"
            BuildableName = "SafeDriver Watch.app"
            BlueprintName = "SafeDriver Watch"
            ReferencedContainer = "container:SafeDriver.xcodeproj">
         </BuildableReference>
      </MacroExpansion>
      <AdditionalOptions>
      </AdditionalOptions>
   </LaunchAction>
   <ProfileAction
      buildConfiguration = "Release"
      shouldUseLaunchSchemeArgsEnv = "YES"
      savedToolIdentifier = ""
      useCustomWorkingDirectory = "NO"
      debugDocumentVersioning = "YES"
      launchAutomaticallySubstyle = "4">
      <RemoteRunnable
         runnableDebuggingMode = "2"
         BundleIdentifier = "com.apple.carousel"
         RemotePath = "/SafeDriver">
         <BuildableReference
            BuildableIdentifier = "primary"
            BlueprintIdentifier = "3DDB4B6E1C09995C003D7A23"
            BuildableName = "SafeDriver Watch.app"
            BlueprintName = "SafeDriver Watch"
            ReferencedContainer = "container:SafeDriver.xcodeproj">
         </BuildableReference>
      </RemoteRunnable>
      <MacroExpansion>
         <BuildableReference
            BuildableIdentifier = "primary"
            BlueprintIdentifier = "3DDB4B6E1C09995C003D7A23"
            BuildableName = "SafeDriver Watch.app"
            BlueprintName = "SafeDriver Watch"
            ReferencedContainer = "container:SafeDriver.xcodeproj">
         </BuildableReference>
      </MacroExpansion>
   </ProfileAction>
   <AnalyzeAction
      buildConfiguration = "Debug">
   </AnalyzeAction>
   <ArchiveAction
      buildConfiguration = "Release"
      revealArchiveInOrganizer = "YES">
   </ArchiveAction>
</Scheme>
